{
  "nodes": {
    "flake-utils": {
      "locked": {
        "lastModified": 1644229661,
        "narHash": "sha256-1YdnJAsNy69bpcjuoKdOYQX0YxZBiCYZo4Twxerqv7k=",
        "owner": "numtide",
        "repo": "flake-utils",
        "rev": "3cecb5b042f7f209c56ffd8371b2711a290ec797",
        "type": "github"
      },
      "original": {
        "owner": "numtide",
        "repo": "flake-utils",
        "type": "github"
      }
    },
    "nixpkgs": {
      "locked": {
        "lastModified": 1647955557,
        "narHash": "sha256-LhitUZHPreyQbscu9aeN51BMXuqZuyL/S8HP1dLN/cU=",
        "owner": "NixOS",
        "repo": "nixpkgs",
        "rev": "b4c2ffaffa600ffce2121e21f65641ec92955781",
        "type": "github"
      },
      "original": {
        "owner": "NixOS",
        "ref": "master",
        "repo": "nixpkgs",
        "type": "github"
      }
    },
    "root": {
      "inputs": {
        "flake-utils": "flake-utils",
        "nixpkgs": "nixpkgs",
        "vpp": "vpp"
      }
    },
    "vpp": {
      "flake": false,
      "locked": {
        "lastModified": 1647814022,
        "narHash": "sha256-vIVJdy6sSrqn6Pr+IkAw7Ez0ObmXTAj9rMbQQcddBuY=",
        "owner": "FDio",
        "repo": "vpp",
        "rev": "f4011d19edefc2f4d4d3e0d08d6e3d7c7e0889d2",
        "type": "github"
      },
      "original": {
        "owner": "FDio",
        "ref": "stable/2202",
        "repo": "vpp",
        "type": "github"
      }
    }
  },
  "root": "root",
  "version": 7
}
