{
  "nodes": {
    "flake-compat": {
      "flake": false,
      "locked": {
        "lastModified": 1641205782,
        "narHash": "sha256-4jY7RCWUoZ9cKD8co0/4tFARpWB+57+r1bLLvXNJliY=",
        "owner": "edolstra",
        "repo": "flake-compat",
        "rev": "b7547d3eed6f32d06102ead8991ec52ab0a4f1a7",
        "type": "github"
      },
      "original": {
        "owner": "edolstra",
        "repo": "flake-compat",
        "type": "github"
      }
    },
    "flake-compat-ci": {
      "locked": {
        "lastModified": 1646664117,
        "narHash": "sha256-AX2VewPcS9eRsoirVHfnk07MHAOH6CTDiD10XtRaZbk=",
        "owner": "hercules-ci",
        "repo": "flake-compat-ci",
        "rev": "e588637b2eec4261ed0d36335c83a117f2744dea",
        "type": "github"
      },
      "original": {
        "owner": "hercules-ci",
        "repo": "flake-compat-ci",
        "type": "github"
      }
    },
    "flake-utils": {
      "locked": {
        "lastModified": 1644229661,
        "narHash": "sha256-1YdnJAsNy69bpcjuoKdOYQX0YxZBiCYZo4Twxerqv7k=",
        "owner": "numtide",
        "repo": "flake-utils",
        "rev": "3cecb5b042f7f209c56ffd8371b2711a290ec797",
        "type": "github"
      },
      "original": {
        "owner": "numtide",
        "repo": "flake-utils",
        "type": "github"
      }
    },
    "nixpkgs": {
      "locked": {
        "lastModified": 1647938585,
        "narHash": "sha256-1fZpfivab7VJJLl/uorI/IZkRlpx7/DCLkhtiSgJxTg=",
        "owner": "NixOS",
        "repo": "nixpkgs",
        "rev": "5dbd4b2b27e24eaed6a79603875493b15b999d4b",
        "type": "github"
      },
      "original": {
        "owner": "NixOS",
        "ref": "master",
        "repo": "nixpkgs",
        "type": "github"
      }
    },
    "root": {
      "inputs": {
        "flake-compat": "flake-compat",
        "flake-compat-ci": "flake-compat-ci",
        "flake-utils": "flake-utils",
        "nixpkgs": "nixpkgs",
        "vpp": "vpp"
      }
    },
    "vpp": {
      "flake": false,
      "locked": {
        "lastModified": 1647814022,
        "narHash": "sha256-vIVJdy6sSrqn6Pr+IkAw7Ez0ObmXTAj9rMbQQcddBuY=",
        "owner": "FDio",
        "repo": "vpp",
        "rev": "f4011d19edefc2f4d4d3e0d08d6e3d7c7e0889d2",
        "type": "github"
      },
      "original": {
        "owner": "FDio",
        "ref": "stable/2202",
        "repo": "vpp",
        "type": "github"
      }
    }
  },
  "root": "root",
  "version": 7
}
